
Microsoft Visual Studio Solution File, Format Version 12.00
# Visual Studio Version 17
VisualStudioVersion = 17.6.33829.357
MinimumVisualStudioVersion = 10.0.40219.1
Project("{54A90642-561A-4BB1-A94E-469ADEE60C69}") = "angularapp", "angularapp\angularapp.esproj", "{5DD6E7A6-A386-41E3-9C2B-0AFBEA67CB71}"
EndProject
Project("{9A19103F-16F7-4668-BE54-9A1E7A4F7556}") = "webapi", "webapi\webapi.csproj", "{C5D43280-E8D0-4EE0-A73D-929087863E77}"
EndProject
Project("{FAE04EC0-301F-11D3-BF4B-00C04F79EFBC}") = "ApplicationService", "ApplicationService\ApplicationService.csproj", "{996FF2DD-765B-43D3-984D-1429767ADBE4}"
EndProject
Project("{FAE04EC0-301F-11D3-BF4B-00C04F79EFBC}") = "DataRepository", "DataRepository\DataRepository.csproj", "{66A5FEA0-61B4-4D29-B2E9-E7B791B6EC7F}"
EndProject
Global
	GlobalSection(SolutionConfigurationPlatforms) = preSolution
		Debug|Any CPU = Debug|Any CPU
		Release|Any CPU = Release|Any CPU
	EndGlobalSection
	GlobalSection(ProjectConfigurationPlatforms) = postSolution
		{5DD6E7A6-A386-41E3-9C2B-0AFBEA67CB71}.Debug|Any CPU.ActiveCfg = Debug|Any CPU
		{5DD6E7A6-A386-41E3-9C2B-0AFBEA67CB71}.Debug|Any CPU.Build.0 = Debug|Any CPU
		{5DD6E7A6-A386-41E3-9C2B-0AFBEA67CB71}.Release|Any CPU.ActiveCfg = Release|Any CPU
		{5DD6E7A6-A386-41E3-9C2B-0AFBEA67CB71}.Release|Any CPU.Build.0 = Release|Any CPU
		{5DD6E7A6-A386-41E3-9C2B-0AFBEA67CB71}.Release|Any CPU.Deploy.0 = Release|Any CPU
		{C5D43280-E8D0-4EE0-A73D-929087863E77}.Debug|Any CPU.ActiveCfg = Debug|Any CPU
		{C5D43280-E8D0-4EE0-A73D-929087863E77}.Debug|Any CPU.Build.0 = Debug|Any CPU
		{C5D43280-E8D0-4EE0-A73D-929087863E77}.Release|Any CPU.ActiveCfg = Release|Any CPU
		{C5D43280-E8D0-4EE0-A73D-929087863E77}.Release|Any CPU.Build.0 = Release|Any CPU
		{996FF2DD-765B-43D3-984D-1429767ADBE4}.Debug|Any CPU.ActiveCfg = Debug|Any CPU
		{996FF2DD-765B-43D3-984D-1429767ADBE4}.Debug|Any CPU.Build.0 = Debug|Any CPU
		{996FF2DD-765B-43D3-984D-1429767ADBE4}.Release|Any CPU.ActiveCfg = Release|Any CPU
		{996FF2DD-765B-43D3-984D-1429767ADBE4}.Release|Any CPU.Build.0 = Release|Any CPU
		{66A5FEA0-61B4-4D29-B2E9-E7B791B6EC7F}.Debug|Any CPU.ActiveCfg = Debug|Any CPU
		{66A5FEA0-61B4-4D29-B2E9-E7B791B6EC7F}.Debug|Any CPU.Build.0 = Debug|Any CPU
		{66A5FEA0-61B4-4D29-B2E9-E7B791B6EC7F}.Release|Any CPU.ActiveCfg = Release|Any CPU
		{66A5FEA0-61B4-4D29-B2E9-E7B791B6EC7F}.Release|Any CPU.Build.0 = Release|Any CPU
	EndGlobalSection
	GlobalSection(SolutionProperties) = preSolution
		HideSolutionNode = FALSE
	EndGlobalSection
	GlobalSection(ExtensibilityGlobals) = postSolution
		SolutionGuid = {9578090D-E4A7-4DBB-A2F2-8CC532B8D9E8}
	EndGlobalSection
EndGlobal
